<?xml version="1.0" encoding="utf-8"?>
<Project ToolsVersion="4.0" xmlns="http://schemas.microsoft.com/developer/msbuild/2003">
  <ItemGroup>
    <Filter Include="Windows">
      <UniqueIdentifier>{96bb0da0-a00f-4384-a2cf-083f5605bb30}</UniqueIdentifier>
    </Filter>
    <Filter Include="Windows\Resource">
      <UniqueIdentifier>{3639a2a5-302f-437e-a3d6-250895832adf}</UniqueIdentifier>
    </Filter>
    <Filter Include="Windows\Header">
      <UniqueIdentifier>{b12b3469-3cf5-4d5f-ae1d-20ddfc7ed4bf}</UniqueIdentifier>
    </Filter>
    <Filter Include="Engine">
      <UniqueIdentifier>{abf34135-5617-48af-afd6-8b9f4611d91b}</UniqueIdentifier>
    </Filter>
    <Filter Include="Engine\Common">
      <UniqueIdentifier>{08733243-eed1-4d89-be61-351bd230e14e}</UniqueIdentifier>
    </Filter>
    <Filter Include="Engine\High Level interface">
      <UniqueIdentifier>{d2a64901-b9f1-484f-8c09-0007bd4d625c}</UniqueIdentifier>
    </Filter>
    <Filter Include="Engine\Input">
      <UniqueIdentifier>{168b78a3-65c5-4df2-a449-dbe11bbdc2a5}</UniqueIdentifier>
    </Filter>
    <Filter Include="Engine\Common\Time">
      <UniqueIdentifier>{f3e35ba0-54a7-4185-9efb-1debdc92ab64}</UniqueIdentifier>
    </Filter>
    <Filter Include="Engine\Component">
      <UniqueIdentifier>{077c12e7-84e6-416c-852d-a0273c8a1d4b}</UniqueIdentifier>
    </Filter>
    <Filter Include="Engine\Entity">
      <UniqueIdentifier>{fdd05292-a6b5-4364-a39a-039af2682cfa}</UniqueIdentifier>
    </Filter>
    <Filter Include="Engine\GameObject">
      <UniqueIdentifier>{588a184e-5a9d-4f61-ba73-8eae3007ec5c}</UniqueIdentifier>
    </Filter>
    <Filter Include="Engine\Layer">
      <UniqueIdentifier>{029b0a7e-fcc4-40f5-9f52-269a50d2885a}</UniqueIdentifier>
    </Filter>
    <Filter Include="Engine\Scene">
      <UniqueIdentifier>{7fd8164e-162e-45b7-99ee-f9a439994884}</UniqueIdentifier>
    </Filter>
    <Filter Include="Engine\Component\Transform">
      <UniqueIdentifier>{60438a24-4099-447a-814a-979d0b353e5e}</UniqueIdentifier>
    </Filter>
    <Filter Include="Engine\Component\SpriteRenderer">
      <UniqueIdentifier>{b1b60fb6-6135-4dfc-bb36-d237228f1b16}</UniqueIdentifier>
    </Filter>
    <Filter Include="Contents">
      <UniqueIdentifier>{2c6546ea-ed57-45a1-9a12-87870aa1d695}</UniqueIdentifier>
    </Filter>
    <Filter Include="Contents\GameObjects">
      <UniqueIdentifier>{55dede9f-9b2d-45ba-982b-1b9168550f5c}</UniqueIdentifier>
    </Filter>
    <Filter Include="Contents\Scenes">
      <UniqueIdentifier>{bd5aef61-213a-47be-8012-4f6ef60ef327}</UniqueIdentifier>
    </Filter>
    <Filter Include="Contents\GameObjects\Player">
      <UniqueIdentifier>{76b99871-0039-437c-a86b-677bc91bf310}</UniqueIdentifier>
    </Filter>
    <Filter Include="Engine\Resource">
      <UniqueIdentifier>{0748240f-cb05-430d-824a-ad0743c076d9}</UniqueIdentifier>
    </Filter>
    <Filter Include="Engine\Resource\Image">
      <UniqueIdentifier>{86192bf5-2cb9-42bc-aeeb-a2acae4e3904}</UniqueIdentifier>
    </Filter>
  </ItemGroup>
  <ItemGroup>
    <ClInclude Include="Client.h">
      <Filter>Windows\Header</Filter>
    </ClInclude>
    <ClInclude Include="framework.h">
      <Filter>Windows\Header</Filter>
    </ClInclude>
    <ClInclude Include="Resource.h">
      <Filter>Windows\Header</Filter>
    </ClInclude>
    <ClInclude Include="targetver.h">
      <Filter>Windows\Header</Filter>
    </ClInclude>
    <ClInclude Include="ssApplication.h">
      <Filter>Engine\High Level interface</Filter>
    </ClInclude>
    <ClInclude Include="Commoninclude.h">
      <Filter>Engine\Common</Filter>
    </ClInclude>
    <ClInclude Include="ssMath.h">
      <Filter>Engine\Common</Filter>
    </ClInclude>
    <ClInclude Include="ssInput.h">
      <Filter>Engine\Input</Filter>
    </ClInclude>
    <ClInclude Include="ssTime.h">
      <Filter>Engine\Common\Time</Filter>
    </ClInclude>
    <ClInclude Include="ssScene.h">
      <Filter>Engine\Scene</Filter>
    </ClInclude>
    <ClInclude Include="ssEntity.h">
      <Filter>Engine\Entity</Filter>
    </ClInclude>
    <ClInclude Include="ssLayer.h">
      <Filter>Engine\Layer</Filter>
    </ClInclude>
    <ClInclude Include="ssComponent.h">
      <Filter>Engine\Component</Filter>
    </ClInclude>
    <ClInclude Include="ssGameObject.h">
      <Filter>Engine\GameObject</Filter>
    </ClInclude>
    <ClInclude Include="ssTransform.h">
      <Filter>Engine\Component\Transform</Filter>
    </ClInclude>
    <ClInclude Include="ssSpriteRenderer.h">
      <Filter>Engine\Component\SpriteRenderer</Filter>
    </ClInclude>
    <ClInclude Include="ssObject.h">
      <Filter>Engine\GameObject</Filter>
    </ClInclude>
    <ClInclude Include="ssSceneManager.h">
      <Filter>Engine\Scene</Filter>
    </ClInclude>
    <ClInclude Include="ssTitleScene.h">
      <Filter>Contents\Scenes</Filter>
    </ClInclude>
    <ClInclude Include="ssPlayer.h">
      <Filter>Contents\GameObjects\Player</Filter>
    </ClInclude>
    <ClInclude Include="ssImage.h">
      <Filter>Engine\Resource\Image</Filter>
    </ClInclude>
    <ClInclude Include="ssResource.h">
      <Filter>Engine\Resource</Filter>
    </ClInclude>
    <ClInclude Include="ssResources.h">
      <Filter>Engine\Resource</Filter>
    </ClInclude>
    <ClInclude Include="ssHomeScene.h">
      <Filter>Contents\Scenes</Filter>
    </ClInclude>
    <ClInclude Include="ssEndingScene.h">
      <Filter>Contents\Scenes</Filter>
    </ClInclude>
  </ItemGroup>
  <ItemGroup>
    <Image Include="Client.ico">
      <Filter>Windows\Resource</Filter>
    </Image>
    <Image Include="small.ico">
      <Filter>Windows\Resource</Filter>
    </Image>
  </ItemGroup>
  <ItemGroup>
    <ResourceCompile Include="Client.rc">
      <Filter>Windows\Resource</Filter>
    </ResourceCompile>
  </ItemGroup>
  <ItemGroup>
    <ClCompile Include="main.cpp" />
    <ClCompile Include="ssApplication.cpp">
      <Filter>Engine\High Level interface</Filter>
    </ClCompile>
    <ClCompile Include="ssInput.cpp">
      <Filter>Engine\Input</Filter>
    </ClCompile>
    <ClCompile Include="ssTime.cpp">
      <Filter>Engine\Common\Time</Filter>
    </ClCompile>
    <ClCompile Include="ssScene.cpp">
      <Filter>Engine\Scene</Filter>
    </ClCompile>
    <ClCompile Include="ssComponent.cpp">
      <Filter>Engine\Component</Filter>
    </ClCompile>
    <ClCompile Include="ssEntity.cpp">
      <Filter>Engine\Entity</Filter>
    </ClCompile>
    <ClCompile Include="ssLayer.cpp">
      <Filter>Engine\Layer</Filter>
    </ClCompile>
    <ClCompile Include="ssGameObject.cpp">
      <Filter>Engine\GameObject</Filter>
    </ClCompile>
    <ClCompile Include="ssTransform.cpp">
      <Filter>Engine\Component\Transform</Filter>
    </ClCompile>
    <ClCompile Include="ssSpriteRenderer.cpp">
      <Filter>Engine\Component\SpriteRenderer</Filter>
    </ClCompile>
    <ClCompile Include="ssSceneManager.cpp">
      <Filter>Engine\Scene</Filter>
    </ClCompile>
    <ClCompile Include="ssTitleScene.cpp">
      <Filter>Contents\Scenes</Filter>
    </ClCompile>
    <ClCompile Include="ssPlayer.cpp">
      <Filter>Contents\GameObjects\Player</Filter>
    </ClCompile>
    <ClCompile Include="ssImage.cpp">
      <Filter>Engine\Resource\Image</Filter>
    </ClCompile>
    <ClCompile Include="ssResource.cpp">
      <Filter>Engine\Resource</Filter>
    </ClCompile>
    <ClCompile Include="ssResources.cpp">
      <Filter>Engine\Resource</Filter>
    </ClCompile>
    <ClCompile Include="ssHomeScene.cpp">
      <Filter>Contents\Scenes</Filter>
    </ClCompile>
    <ClCompile Include="ssEndingScene.cpp">
      <Filter>Contents\Scenes</Filter>
    </ClCompile>
  </ItemGroup>
</Project>