<?xml version="1.0" encoding="utf-8"?>
<Project ToolsVersion="4.0" xmlns="http://schemas.microsoft.com/developer/msbuild/2003">
  <ItemGroup>
    <Filter Include="Windows">
      <UniqueIdentifier>{96bb0da0-a00f-4384-a2cf-083f5605bb30}</UniqueIdentifier>
    </Filter>
    <Filter Include="Windows\Resource">
      <UniqueIdentifier>{3639a2a5-302f-437e-a3d6-250895832adf}</UniqueIdentifier>
    </Filter>
    <Filter Include="Windows\Header">
      <UniqueIdentifier>{b12b3469-3cf5-4d5f-ae1d-20ddfc7ed4bf}</UniqueIdentifier>
    </Filter>
    <Filter Include="Engine">
      <UniqueIdentifier>{abf34135-5617-48af-afd6-8b9f4611d91b}</UniqueIdentifier>
    </Filter>
    <Filter Include="Engine\Common">
      <UniqueIdentifier>{08733243-eed1-4d89-be61-351bd230e14e}</UniqueIdentifier>
    </Filter>
    <Filter Include="Engine\High Level interface">
      <UniqueIdentifier>{d2a64901-b9f1-484f-8c09-0007bd4d625c}</UniqueIdentifier>
    </Filter>
    <Filter Include="Engine\Input">
      <UniqueIdentifier>{168b78a3-65c5-4df2-a449-dbe11bbdc2a5}</UniqueIdentifier>
    </Filter>
    <Filter Include="Engine\Common\Time">
      <UniqueIdentifier>{f3e35ba0-54a7-4185-9efb-1debdc92ab64}</UniqueIdentifier>
    </Filter>
    <Filter Include="Engine\Component">
      <UniqueIdentifier>{077c12e7-84e6-416c-852d-a0273c8a1d4b}</UniqueIdentifier>
    </Filter>
    <Filter Include="Engine\Entity">
      <UniqueIdentifier>{fdd05292-a6b5-4364-a39a-039af2682cfa}</UniqueIdentifier>
    </Filter>
    <Filter Include="Engine\GameObject">
      <UniqueIdentifier>{588a184e-5a9d-4f61-ba73-8eae3007ec5c}</UniqueIdentifier>
    </Filter>
    <Filter Include="Engine\Layer">
      <UniqueIdentifier>{029b0a7e-fcc4-40f5-9f52-269a50d2885a}</UniqueIdentifier>
    </Filter>
    <Filter Include="Engine\Scene">
      <UniqueIdentifier>{7fd8164e-162e-45b7-99ee-f9a439994884}</UniqueIdentifier>
    </Filter>
    <Filter Include="Engine\Component\Transform">
      <UniqueIdentifier>{60438a24-4099-447a-814a-979d0b353e5e}</UniqueIdentifier>
    </Filter>
    <Filter Include="Engine\Component\SpriteRenderer">
      <UniqueIdentifier>{b1b60fb6-6135-4dfc-bb36-d237228f1b16}</UniqueIdentifier>
    </Filter>
    <Filter Include="Contents">
      <UniqueIdentifier>{2c6546ea-ed57-45a1-9a12-87870aa1d695}</UniqueIdentifier>
    </Filter>
    <Filter Include="Contents\GameObjects">
      <UniqueIdentifier>{55dede9f-9b2d-45ba-982b-1b9168550f5c}</UniqueIdentifier>
    </Filter>
    <Filter Include="Contents\Scenes">
      <UniqueIdentifier>{bd5aef61-213a-47be-8012-4f6ef60ef327}</UniqueIdentifier>
    </Filter>
    <Filter Include="Engine\Resource">
      <UniqueIdentifier>{0748240f-cb05-430d-824a-ad0743c076d9}</UniqueIdentifier>
    </Filter>
    <Filter Include="Engine\Resource\Image">
      <UniqueIdentifier>{86192bf5-2cb9-42bc-aeeb-a2acae4e3904}</UniqueIdentifier>
    </Filter>
    <Filter Include="Contents\GameObjects\BackGround">
      <UniqueIdentifier>{2bcdd654-e4c6-46da-a904-74ffaaba26e0}</UniqueIdentifier>
    </Filter>
    <Filter Include="Engine\Camera">
      <UniqueIdentifier>{a13a00aa-02f6-4310-83e0-d1c9a705e54f}</UniqueIdentifier>
    </Filter>
    <Filter Include="Engine\Resource\Animation">
      <UniqueIdentifier>{432d35a7-bb5f-4a9e-a4e7-0873b2fb7f15}</UniqueIdentifier>
    </Filter>
    <Filter Include="Engine\Component\Animator">
      <UniqueIdentifier>{c6e1b705-64ad-4f1d-a2aa-44485b308abd}</UniqueIdentifier>
    </Filter>
    <Filter Include="Contents\GameObjects\WaterBomb">
      <UniqueIdentifier>{f33917c2-1650-4c93-822f-6b46ba545177}</UniqueIdentifier>
    </Filter>
    <Filter Include="Contents\GameObjects\PlayGround">
      <UniqueIdentifier>{1cb37f42-6347-482b-9e0e-366c329a8c91}</UniqueIdentifier>
    </Filter>
    <Filter Include="Engine\Component\Collider">
      <UniqueIdentifier>{48032498-ce10-43ef-a668-7b1ea4d820d5}</UniqueIdentifier>
    </Filter>
    <Filter Include="Engine\Collision">
      <UniqueIdentifier>{98cffe00-b155-450e-a5c3-fb3f16d590fa}</UniqueIdentifier>
    </Filter>
    <Filter Include="Tool">
      <UniqueIdentifier>{2199008c-faa3-4f4f-8ef3-dd846e80b1f8}</UniqueIdentifier>
    </Filter>
    <Filter Include="Engine\Sound">
      <UniqueIdentifier>{74412eb5-411d-43c3-926f-b68fcda2fafd}</UniqueIdentifier>
    </Filter>
    <Filter Include="Contents\GameObjects\Floor">
      <UniqueIdentifier>{8771aa85-782a-4819-8161-bbb84d82fc36}</UniqueIdentifier>
    </Filter>
    <Filter Include="Contents\GameObjects\Item">
      <UniqueIdentifier>{6a68a38b-3933-4c98-b856-f3297d4337d2}</UniqueIdentifier>
    </Filter>
    <Filter Include="Contents\GameObjects\WaterFlow">
      <UniqueIdentifier>{2c4118c5-37d0-49f0-a281-ec975b13501d}</UniqueIdentifier>
    </Filter>
    <Filter Include="Contents\GameObjects\Item\ballon">
      <UniqueIdentifier>{fcd14ca2-27ff-48e1-9536-1fcc0d42fe8f}</UniqueIdentifier>
    </Filter>
    <Filter Include="Contents\GameObjects\Item\potion">
      <UniqueIdentifier>{f0b762df-33ae-49cd-b775-8d0f708432eb}</UniqueIdentifier>
    </Filter>
    <Filter Include="Contents\GameObjects\Item\skate">
      <UniqueIdentifier>{a3516fb8-2b0e-41d7-9dd6-47e2bca18193}</UniqueIdentifier>
    </Filter>
    <Filter Include="Contents\GameObjects\StatObject">
      <UniqueIdentifier>{7945d504-db29-4bbe-b86c-c704e3101b8d}</UniqueIdentifier>
    </Filter>
    <Filter Include="Contents\GameObjects\StatObject\Player">
      <UniqueIdentifier>{76b99871-0039-437c-a86b-677bc91bf310}</UniqueIdentifier>
    </Filter>
    <Filter Include="Contents\GameObjects\StatObject\Monster">
      <UniqueIdentifier>{4ff8f540-3a75-4ea3-9207-2b1a035e9a05}</UniqueIdentifier>
    </Filter>
    <Filter Include="Contents\GameObjects\Tile">
      <UniqueIdentifier>{7dd22421-9eaf-483d-9076-675bcbe8dcc1}</UniqueIdentifier>
    </Filter>
    <Filter Include="Contents\GameObjects\StatObject\Monster\Pirate2">
      <UniqueIdentifier>{74ccff8c-b71a-4635-b0f9-109d28509609}</UniqueIdentifier>
    </Filter>
    <Filter Include="Contents\GameObjects\StatObject\Monster\Pirate1">
      <UniqueIdentifier>{39c348fe-3291-4dc1-bea4-b4c1172df510}</UniqueIdentifier>
    </Filter>
    <Filter Include="Contents\GameObjects\StatObject\Monster\Boss">
      <UniqueIdentifier>{c478209b-63ce-436a-920c-f06bde494d60}</UniqueIdentifier>
    </Filter>
  </ItemGroup>
  <ItemGroup>
    <ClInclude Include="Client.h">
      <Filter>Windows\Header</Filter>
    </ClInclude>
    <ClInclude Include="framework.h">
      <Filter>Windows\Header</Filter>
    </ClInclude>
    <ClInclude Include="Resource.h">
      <Filter>Windows\Header</Filter>
    </ClInclude>
    <ClInclude Include="targetver.h">
      <Filter>Windows\Header</Filter>
    </ClInclude>
    <ClInclude Include="ssApplication.h">
      <Filter>Engine\High Level interface</Filter>
    </ClInclude>
    <ClInclude Include="Commoninclude.h">
      <Filter>Engine\Common</Filter>
    </ClInclude>
    <ClInclude Include="ssMath.h">
      <Filter>Engine\Common</Filter>
    </ClInclude>
    <ClInclude Include="ssInput.h">
      <Filter>Engine\Input</Filter>
    </ClInclude>
    <ClInclude Include="ssTime.h">
      <Filter>Engine\Common\Time</Filter>
    </ClInclude>
    <ClInclude Include="ssScene.h">
      <Filter>Engine\Scene</Filter>
    </ClInclude>
    <ClInclude Include="ssEntity.h">
      <Filter>Engine\Entity</Filter>
    </ClInclude>
    <ClInclude Include="ssLayer.h">
      <Filter>Engine\Layer</Filter>
    </ClInclude>
    <ClInclude Include="ssComponent.h">
      <Filter>Engine\Component</Filter>
    </ClInclude>
    <ClInclude Include="ssGameObject.h">
      <Filter>Engine\GameObject</Filter>
    </ClInclude>
    <ClInclude Include="ssTransform.h">
      <Filter>Engine\Component\Transform</Filter>
    </ClInclude>
    <ClInclude Include="ssSpriteRenderer.h">
      <Filter>Engine\Component\SpriteRenderer</Filter>
    </ClInclude>
    <ClInclude Include="ssObject.h">
      <Filter>Engine\GameObject</Filter>
    </ClInclude>
    <ClInclude Include="ssSceneManager.h">
      <Filter>Engine\Scene</Filter>
    </ClInclude>
    <ClInclude Include="ssTitleScene.h">
      <Filter>Contents\Scenes</Filter>
    </ClInclude>
    <ClInclude Include="ssPlayer.h">
      <Filter>Contents\GameObjects\StatObject\Player</Filter>
    </ClInclude>
    <ClInclude Include="ssTexture.h">
      <Filter>Engine\Resource\Image</Filter>
    </ClInclude>
    <ClInclude Include="ssResource.h">
      <Filter>Engine\Resource</Filter>
    </ClInclude>
    <ClInclude Include="ssResources.h">
      <Filter>Engine\Resource</Filter>
    </ClInclude>
    <ClInclude Include="ssHomeScene.h">
      <Filter>Contents\Scenes</Filter>
    </ClInclude>
    <ClInclude Include="ssEndingScene.h">
      <Filter>Contents\Scenes</Filter>
    </ClInclude>
    <ClInclude Include="ssBackGround.h">
      <Filter>Contents\GameObjects\BackGround</Filter>
    </ClInclude>
    <ClInclude Include="ssLoadingScene.h">
      <Filter>Contents\Scenes</Filter>
    </ClInclude>
    <ClInclude Include="ssPlayScene.h">
      <Filter>Contents\Scenes</Filter>
    </ClInclude>
    <ClInclude Include="ssCamera.h">
      <Filter>Engine\Camera</Filter>
    </ClInclude>
    <ClInclude Include="ssAnimation.h">
      <Filter>Engine\Resource\Animation</Filter>
    </ClInclude>
    <ClInclude Include="ssAnimator.h">
      <Filter>Engine\Component\Animator</Filter>
    </ClInclude>
    <ClInclude Include="ssWaterBomb.h">
      <Filter>Contents\GameObjects\WaterBomb</Filter>
    </ClInclude>
    <ClInclude Include="ssMonster.h">
      <Filter>Contents\GameObjects\StatObject\Monster</Filter>
    </ClInclude>
    <ClInclude Include="ssPlayGround.h">
      <Filter>Contents\GameObjects\PlayGround</Filter>
    </ClInclude>
    <ClInclude Include="ssCollider.h">
      <Filter>Engine\Component\Collider</Filter>
    </ClInclude>
    <ClInclude Include="ssCollisionManager.h">
      <Filter>Engine\Collision</Filter>
    </ClInclude>
    <ClInclude Include="ssTile.h">
      <Filter>Tool</Filter>
    </ClInclude>
    <ClInclude Include="ssToolScene.h">
      <Filter>Contents\Scenes</Filter>
    </ClInclude>
    <ClInclude Include="ssSound.h">
      <Filter>Engine\Sound</Filter>
    </ClInclude>
    <ClInclude Include="ssSoundManager.h">
      <Filter>Engine\Sound</Filter>
    </ClInclude>
    <ClInclude Include="ssIceMap1.h">
      <Filter>Contents\Scenes</Filter>
    </ClInclude>
    <ClInclude Include="ssIceFloor.h">
      <Filter>Contents\GameObjects\Floor</Filter>
    </ClInclude>
    <ClInclude Include="ssItem.h">
      <Filter>Contents\GameObjects\Item</Filter>
    </ClInclude>
    <ClInclude Include="ssWaterFlow.h">
      <Filter>Contents\GameObjects\WaterFlow</Filter>
    </ClInclude>
    <ClInclude Include="ssballon.h">
      <Filter>Contents\GameObjects\Item\ballon</Filter>
    </ClInclude>
    <ClInclude Include="sspotion.h">
      <Filter>Contents\GameObjects\Item\potion</Filter>
    </ClInclude>
    <ClInclude Include="ssskate.h">
      <Filter>Contents\GameObjects\Item\skate</Filter>
    </ClInclude>
    <ClInclude Include="ssStatObject.h">
      <Filter>Contents\GameObjects\StatObject</Filter>
    </ClInclude>
    <ClInclude Include="ssTileBox.h">
      <Filter>Contents\GameObjects\Tile</Filter>
    </ClInclude>
    <ClInclude Include="ssTileObject.h">
      <Filter>Contents\GameObjects\Tile</Filter>
    </ClInclude>
    <ClInclude Include="ssPirate1.h">
      <Filter>Contents\GameObjects\StatObject\Monster\Pirate1</Filter>
    </ClInclude>
    <ClInclude Include="ssPirate2.h">
      <Filter>Contents\GameObjects\StatObject\Monster\Pirate2</Filter>
    </ClInclude>
    <ClInclude Include="ssTileObjectBack.h">
      <Filter>Contents\GameObjects\Tile</Filter>
    </ClInclude>
    <ClInclude Include="ssBoss.h">
      <Filter>Contents\GameObjects\StatObject\Monster\Boss</Filter>
    </ClInclude>
    <ClInclude Include="test.h" />
  </ItemGroup>
  <ItemGroup>
    <Image Include="Client.ico">
      <Filter>Windows\Resource</Filter>
    </Image>
    <Image Include="small.ico">
      <Filter>Windows\Resource</Filter>
    </Image>
  </ItemGroup>
  <ItemGroup>
    <ResourceCompile Include="Client.rc">
      <Filter>Windows\Resource</Filter>
    </ResourceCompile>
  </ItemGroup>
  <ItemGroup>
    <ClCompile Include="main.cpp" />
    <ClCompile Include="ssApplication.cpp">
      <Filter>Engine\High Level interface</Filter>
    </ClCompile>
    <ClCompile Include="ssInput.cpp">
      <Filter>Engine\Input</Filter>
    </ClCompile>
    <ClCompile Include="ssTime.cpp">
      <Filter>Engine\Common\Time</Filter>
    </ClCompile>
    <ClCompile Include="ssComponent.cpp">
      <Filter>Engine\Component</Filter>
    </ClCompile>
    <ClCompile Include="ssEntity.cpp">
      <Filter>Engine\Entity</Filter>
    </ClCompile>
    <ClCompile Include="ssLayer.cpp">
      <Filter>Engine\Layer</Filter>
    </ClCompile>
    <ClCompile Include="ssGameObject.cpp">
      <Filter>Engine\GameObject</Filter>
    </ClCompile>
    <ClCompile Include="ssTransform.cpp">
      <Filter>Engine\Component\Transform</Filter>
    </ClCompile>
    <ClCompile Include="ssSpriteRenderer.cpp">
      <Filter>Engine\Component\SpriteRenderer</Filter>
    </ClCompile>
    <ClCompile Include="ssSceneManager.cpp">
      <Filter>Engine\Scene</Filter>
    </ClCompile>
    <ClCompile Include="ssTitleScene.cpp">
      <Filter>Contents\Scenes</Filter>
    </ClCompile>
    <ClCompile Include="ssPlayer.cpp">
      <Filter>Contents\GameObjects\StatObject\Player</Filter>
    </ClCompile>
    <ClCompile Include="ssTexture.cpp">
      <Filter>Engine\Resource\Image</Filter>
    </ClCompile>
    <ClCompile Include="ssResource.cpp">
      <Filter>Engine\Resource</Filter>
    </ClCompile>
    <ClCompile Include="ssResources.cpp">
      <Filter>Engine\Resource</Filter>
    </ClCompile>
    <ClCompile Include="ssHomeScene.cpp">
      <Filter>Contents\Scenes</Filter>
    </ClCompile>
    <ClCompile Include="ssEndingScene.cpp">
      <Filter>Contents\Scenes</Filter>
    </ClCompile>
    <ClCompile Include="ssMath.cpp">
      <Filter>Engine\Common</Filter>
    </ClCompile>
    <ClCompile Include="ssBackGround.cpp">
      <Filter>Contents\GameObjects\BackGround</Filter>
    </ClCompile>
    <ClCompile Include="ssLoadingScene.cpp">
      <Filter>Contents\Scenes</Filter>
    </ClCompile>
    <ClCompile Include="ssPlayScene.cpp">
      <Filter>Contents\Scenes</Filter>
    </ClCompile>
    <ClCompile Include="ssCamera.cpp">
      <Filter>Engine\Camera</Filter>
    </ClCompile>
    <ClCompile Include="ssAnimation.cpp">
      <Filter>Engine\Resource\Animation</Filter>
    </ClCompile>
    <ClCompile Include="ssAnimator.cpp">
      <Filter>Engine\Component\Animator</Filter>
    </ClCompile>
    <ClCompile Include="ssWaterBomb.cpp">
      <Filter>Contents\GameObjects\WaterBomb</Filter>
    </ClCompile>
    <ClCompile Include="ssMonster.cpp">
      <Filter>Contents\GameObjects\StatObject\Monster</Filter>
    </ClCompile>
    <ClCompile Include="ssPlayGround.cpp">
      <Filter>Contents\GameObjects\PlayGround</Filter>
    </ClCompile>
    <ClCompile Include="ssCollider.cpp">
      <Filter>Engine\Component\Collider</Filter>
    </ClCompile>
    <ClCompile Include="ssCollisionManager.cpp">
      <Filter>Engine\Collision</Filter>
    </ClCompile>
    <ClCompile Include="ssTile.cpp">
      <Filter>Tool</Filter>
    </ClCompile>
    <ClCompile Include="ssToolScene.cpp">
      <Filter>Contents\Scenes</Filter>
    </ClCompile>
    <ClCompile Include="ssSound.cpp">
      <Filter>Engine\Sound</Filter>
    </ClCompile>
    <ClCompile Include="ssSoundManager.cpp">
      <Filter>Engine\Sound</Filter>
    </ClCompile>
    <ClCompile Include="ssIceMap1.cpp">
      <Filter>Contents\Scenes</Filter>
    </ClCompile>
    <ClCompile Include="ssIceFloor.cpp">
      <Filter>Contents\GameObjects\Floor</Filter>
    </ClCompile>
    <ClCompile Include="ssScene.cpp">
      <Filter>Engine\Scene</Filter>
    </ClCompile>
    <ClCompile Include="ssItem.cpp">
      <Filter>Contents\GameObjects\Item</Filter>
    </ClCompile>
    <ClCompile Include="ssWaterFlow.cpp">
      <Filter>Contents\GameObjects\WaterFlow</Filter>
    </ClCompile>
    <ClCompile Include="ssballon.cpp">
      <Filter>Contents\GameObjects\Item\ballon</Filter>
    </ClCompile>
    <ClCompile Include="sspotion.cpp">
      <Filter>Contents\GameObjects\Item\potion</Filter>
    </ClCompile>
    <ClCompile Include="ssskate.cpp">
      <Filter>Contents\GameObjects\Item\skate</Filter>
    </ClCompile>
    <ClCompile Include="ssStatObject.cpp">
      <Filter>Contents\GameObjects\StatObject</Filter>
    </ClCompile>
    <ClCompile Include="ssTileBox.cpp">
      <Filter>Contents\GameObjects\Tile</Filter>
    </ClCompile>
    <ClCompile Include="ssTileObject.cpp">
      <Filter>Contents\GameObjects\Tile</Filter>
    </ClCompile>
    <ClCompile Include="ssPirate1.cpp">
      <Filter>Contents\GameObjects\StatObject\Monster\Pirate1</Filter>
    </ClCompile>
    <ClCompile Include="ssPirate2.cpp">
      <Filter>Contents\GameObjects\StatObject\Monster\Pirate2</Filter>
    </ClCompile>
    <ClCompile Include="ssTileObjectBack.cpp">
      <Filter>Contents\GameObjects\Tile</Filter>
    </ClCompile>
    <ClCompile Include="ssBoss.cpp">
      <Filter>Contents\GameObjects\StatObject\Monster\Boss</Filter>
    </ClCompile>
  </ItemGroup>
</Project>