<?xml version="1.0" encoding="utf-8"?>
<Project ToolsVersion="4.0" xmlns="http://schemas.microsoft.com/developer/msbuild/2003">
  <ItemGroup>
    <Filter Include="Windows">
      <UniqueIdentifier>{96bb0da0-a00f-4384-a2cf-083f5605bb30}</UniqueIdentifier>
    </Filter>
    <Filter Include="Windows\Resource">
      <UniqueIdentifier>{3639a2a5-302f-437e-a3d6-250895832adf}</UniqueIdentifier>
    </Filter>
    <Filter Include="Windows\Header">
      <UniqueIdentifier>{b12b3469-3cf5-4d5f-ae1d-20ddfc7ed4bf}</UniqueIdentifier>
    </Filter>
    <Filter Include="Engine">
      <UniqueIdentifier>{abf34135-5617-48af-afd6-8b9f4611d91b}</UniqueIdentifier>
    </Filter>
    <Filter Include="Engine\Common">
      <UniqueIdentifier>{08733243-eed1-4d89-be61-351bd230e14e}</UniqueIdentifier>
    </Filter>
    <Filter Include="Engine\High Level interface">
      <UniqueIdentifier>{d2a64901-b9f1-484f-8c09-0007bd4d625c}</UniqueIdentifier>
    </Filter>
  </ItemGroup>
  <ItemGroup>
    <ClInclude Include="Client.h">
      <Filter>Windows\Header</Filter>
    </ClInclude>
    <ClInclude Include="framework.h">
      <Filter>Windows\Header</Filter>
    </ClInclude>
    <ClInclude Include="Resource.h">
      <Filter>Windows\Header</Filter>
    </ClInclude>
    <ClInclude Include="targetver.h">
      <Filter>Windows\Header</Filter>
    </ClInclude>
    <ClInclude Include="ssApplication.h">
      <Filter>Engine\High Level interface</Filter>
    </ClInclude>
    <ClInclude Include="Commoninclude.h">
      <Filter>Engine\Common</Filter>
    </ClInclude>
    <ClInclude Include="ssMath.h">
      <Filter>Engine\Common</Filter>
    </ClInclude>
  </ItemGroup>
  <ItemGroup>
    <Image Include="Client.ico">
      <Filter>Windows\Resource</Filter>
    </Image>
    <Image Include="small.ico">
      <Filter>Windows\Resource</Filter>
    </Image>
  </ItemGroup>
  <ItemGroup>
    <ResourceCompile Include="Client.rc">
      <Filter>Windows\Resource</Filter>
    </ResourceCompile>
  </ItemGroup>
  <ItemGroup>
    <ClCompile Include="main.cpp" />
    <ClCompile Include="ssApplication.cpp">
      <Filter>Engine\High Level interface</Filter>
    </ClCompile>
  </ItemGroup>
</Project>